
Microsoft Visual Studio Solution File, Format Version 12.00
# Visual Studio Version 17
VisualStudioVersion = 17.4.33403.182
MinimumVisualStudioVersion = 10.0.40219.1
Project("{FAE04EC0-301F-11D3-BF4B-00C04F79EFBC}") = "Myproject01", "Myproject01\Myproject01.csproj", "{AB77E9A8-BECF-4B95-BCB5-4433FAA4E74C}"
EndProject
Global
	GlobalSection(SolutionConfigurationPlatforms) = preSolution
		Debug|Any CPU = Debug|Any CPU
		Release|Any CPU = Release|Any CPU
	EndGlobalSection
	GlobalSection(ProjectConfigurationPlatforms) = postSolution
		{AB77E9A8-BECF-4B95-BCB5-4433FAA4E74C}.Debug|Any CPU.ActiveCfg = Debug|Any CPU
		{AB77E9A8-BECF-4B95-BCB5-4433FAA4E74C}.Debug|Any CPU.Build.0 = Debug|Any CPU
		{AB77E9A8-BECF-4B95-BCB5-4433FAA4E74C}.Release|Any CPU.ActiveCfg = Release|Any CPU
		{AB77E9A8-BECF-4B95-BCB5-4433FAA4E74C}.Release|Any CPU.Build.0 = Release|Any CPU
	EndGlobalSection
	GlobalSection(SolutionProperties) = preSolution
		HideSolutionNode = FALSE
	EndGlobalSection
	GlobalSection(ExtensibilityGlobals) = postSolution
		SolutionGuid = {898933DC-5F4F-4B34-B601-7FC3E3BABEC9}
	EndGlobalSection
EndGlobal
